
Microsoft Visual Studio Solution File, Format Version 12.00
# Visual Studio 15
VisualStudioVersion = 15.0.27703.2035
MinimumVisualStudioVersion = 10.0.40219.1
Project("{FAE04EC0-301F-11D3-BF4B-00C04F79EFBC}") = "NetFrame", "NetFrame\NetFrame.csproj", "{D1951B02-99C2-4F3E-ACEB-17AB2B5CF709}"
EndProject
Project("{FAE04EC0-301F-11D3-BF4B-00C04F79EFBC}") = "GameServe", "GameServe\GameServe.csproj", "{B4629B7C-1D01-4FBB-A225-0E58D2FC1A30}"
EndProject
Global
	GlobalSection(SolutionConfigurationPlatforms) = preSolution
		Debug|Any CPU = Debug|Any CPU
		Release|Any CPU = Release|Any CPU
	EndGlobalSection
	GlobalSection(ProjectConfigurationPlatforms) = postSolution
		{D1951B02-99C2-4F3E-ACEB-17AB2B5CF709}.Debug|Any CPU.ActiveCfg = Debug|Any CPU
		{D1951B02-99C2-4F3E-ACEB-17AB2B5CF709}.Debug|Any CPU.Build.0 = Debug|Any CPU
		{D1951B02-99C2-4F3E-ACEB-17AB2B5CF709}.Release|Any CPU.ActiveCfg = Release|Any CPU
		{D1951B02-99C2-4F3E-ACEB-17AB2B5CF709}.Release|Any CPU.Build.0 = Release|Any CPU
		{B4629B7C-1D01-4FBB-A225-0E58D2FC1A30}.Debug|Any CPU.ActiveCfg = Debug|Any CPU
		{B4629B7C-1D01-4FBB-A225-0E58D2FC1A30}.Debug|Any CPU.Build.0 = Debug|Any CPU
		{B4629B7C-1D01-4FBB-A225-0E58D2FC1A30}.Release|Any CPU.ActiveCfg = Release|Any CPU
		{B4629B7C-1D01-4FBB-A225-0E58D2FC1A30}.Release|Any CPU.Build.0 = Release|Any CPU
	EndGlobalSection
	GlobalSection(SolutionProperties) = preSolution
		HideSolutionNode = FALSE
	EndGlobalSection
	GlobalSection(ExtensibilityGlobals) = postSolution
		SolutionGuid = {CE18FC72-AF31-4E07-9192-E238B8E37CA1}
	EndGlobalSection
EndGlobal
